
Microsoft Visual Studio Solution File, Format Version 12.00
# Visual Studio 15
VisualStudioVersion = 15.0.26124.0
MinimumVisualStudioVersion = 15.0.26124.0
Project("{FAE04EC0-301F-11D3-BF4B-00C04F79EFBC}") = "SimHash", "SimHash\SimHash.csproj", "{2D958179-9C33-42BB-A163-275C219C217B}"
EndProject
Project("{FAE04EC0-301F-11D3-BF4B-00C04F79EFBC}") = "SimHash.Test", "SimHash.Test\SimHash.Test.csproj", "{A2A440D0-6FA5-41A7-B36A-FB536539BB05}"
EndProject
Project("{FAE04EC0-301F-11D3-BF4B-00C04F79EFBC}") = "LSH", "LSH\LSH.csproj", "{63CE09AA-4D4E-4E48-9F70-DEE613466283}"
EndProject
Project("{FAE04EC0-301F-11D3-BF4B-00C04F79EFBC}") = "LSH.Test", "LSH.Test\LSH.Test.csproj", "{B4EA567D-8F46-4C83-A02F-9271289E956E}"
EndProject
Global
	GlobalSection(SolutionConfigurationPlatforms) = preSolution
		Debug|Any CPU = Debug|Any CPU
		Debug|x64 = Debug|x64
		Debug|x86 = Debug|x86
		Release|Any CPU = Release|Any CPU
		Release|x64 = Release|x64
		Release|x86 = Release|x86
	EndGlobalSection
	GlobalSection(SolutionProperties) = preSolution
		HideSolutionNode = FALSE
	EndGlobalSection
	GlobalSection(ProjectConfigurationPlatforms) = postSolution
		{2D958179-9C33-42BB-A163-275C219C217B}.Debug|Any CPU.ActiveCfg = Debug|Any CPU
		{2D958179-9C33-42BB-A163-275C219C217B}.Debug|Any CPU.Build.0 = Debug|Any CPU
		{2D958179-9C33-42BB-A163-275C219C217B}.Debug|x64.ActiveCfg = Debug|Any CPU
		{2D958179-9C33-42BB-A163-275C219C217B}.Debug|x64.Build.0 = Debug|Any CPU
		{2D958179-9C33-42BB-A163-275C219C217B}.Debug|x86.ActiveCfg = Debug|Any CPU
		{2D958179-9C33-42BB-A163-275C219C217B}.Debug|x86.Build.0 = Debug|Any CPU
		{2D958179-9C33-42BB-A163-275C219C217B}.Release|Any CPU.ActiveCfg = Release|Any CPU
		{2D958179-9C33-42BB-A163-275C219C217B}.Release|Any CPU.Build.0 = Release|Any CPU
		{2D958179-9C33-42BB-A163-275C219C217B}.Release|x64.ActiveCfg = Release|Any CPU
		{2D958179-9C33-42BB-A163-275C219C217B}.Release|x64.Build.0 = Release|Any CPU
		{2D958179-9C33-42BB-A163-275C219C217B}.Release|x86.ActiveCfg = Release|Any CPU
		{2D958179-9C33-42BB-A163-275C219C217B}.Release|x86.Build.0 = Release|Any CPU
		{A2A440D0-6FA5-41A7-B36A-FB536539BB05}.Debug|Any CPU.ActiveCfg = Debug|Any CPU
		{A2A440D0-6FA5-41A7-B36A-FB536539BB05}.Debug|Any CPU.Build.0 = Debug|Any CPU
		{A2A440D0-6FA5-41A7-B36A-FB536539BB05}.Debug|x64.ActiveCfg = Debug|Any CPU
		{A2A440D0-6FA5-41A7-B36A-FB536539BB05}.Debug|x64.Build.0 = Debug|Any CPU
		{A2A440D0-6FA5-41A7-B36A-FB536539BB05}.Debug|x86.ActiveCfg = Debug|Any CPU
		{A2A440D0-6FA5-41A7-B36A-FB536539BB05}.Debug|x86.Build.0 = Debug|Any CPU
		{A2A440D0-6FA5-41A7-B36A-FB536539BB05}.Release|Any CPU.ActiveCfg = Release|Any CPU
		{A2A440D0-6FA5-41A7-B36A-FB536539BB05}.Release|Any CPU.Build.0 = Release|Any CPU
		{A2A440D0-6FA5-41A7-B36A-FB536539BB05}.Release|x64.ActiveCfg = Release|Any CPU
		{A2A440D0-6FA5-41A7-B36A-FB536539BB05}.Release|x64.Build.0 = Release|Any CPU
		{A2A440D0-6FA5-41A7-B36A-FB536539BB05}.Release|x86.ActiveCfg = Release|Any CPU
		{A2A440D0-6FA5-41A7-B36A-FB536539BB05}.Release|x86.Build.0 = Release|Any CPU
		{63CE09AA-4D4E-4E48-9F70-DEE613466283}.Debug|Any CPU.ActiveCfg = Debug|Any CPU
		{63CE09AA-4D4E-4E48-9F70-DEE613466283}.Debug|Any CPU.Build.0 = Debug|Any CPU
		{63CE09AA-4D4E-4E48-9F70-DEE613466283}.Debug|x64.ActiveCfg = Debug|Any CPU
		{63CE09AA-4D4E-4E48-9F70-DEE613466283}.Debug|x64.Build.0 = Debug|Any CPU
		{63CE09AA-4D4E-4E48-9F70-DEE613466283}.Debug|x86.ActiveCfg = Debug|Any CPU
		{63CE09AA-4D4E-4E48-9F70-DEE613466283}.Debug|x86.Build.0 = Debug|Any CPU
		{63CE09AA-4D4E-4E48-9F70-DEE613466283}.Release|Any CPU.ActiveCfg = Release|Any CPU
		{63CE09AA-4D4E-4E48-9F70-DEE613466283}.Release|Any CPU.Build.0 = Release|Any CPU
		{63CE09AA-4D4E-4E48-9F70-DEE613466283}.Release|x64.ActiveCfg = Release|Any CPU
		{63CE09AA-4D4E-4E48-9F70-DEE613466283}.Release|x64.Build.0 = Release|Any CPU
		{63CE09AA-4D4E-4E48-9F70-DEE613466283}.Release|x86.ActiveCfg = Release|Any CPU
		{63CE09AA-4D4E-4E48-9F70-DEE613466283}.Release|x86.Build.0 = Release|Any CPU
		{B4EA567D-8F46-4C83-A02F-9271289E956E}.Debug|Any CPU.ActiveCfg = Debug|Any CPU
		{B4EA567D-8F46-4C83-A02F-9271289E956E}.Debug|Any CPU.Build.0 = Debug|Any CPU
		{B4EA567D-8F46-4C83-A02F-9271289E956E}.Debug|x64.ActiveCfg = Debug|Any CPU
		{B4EA567D-8F46-4C83-A02F-9271289E956E}.Debug|x64.Build.0 = Debug|Any CPU
		{B4EA567D-8F46-4C83-A02F-9271289E956E}.Debug|x86.ActiveCfg = Debug|Any CPU
		{B4EA567D-8F46-4C83-A02F-9271289E956E}.Debug|x86.Build.0 = Debug|Any CPU
		{B4EA567D-8F46-4C83-A02F-9271289E956E}.Release|Any CPU.ActiveCfg = Release|Any CPU
		{B4EA567D-8F46-4C83-A02F-9271289E956E}.Release|Any CPU.Build.0 = Release|Any CPU
		{B4EA567D-8F46-4C83-A02F-9271289E956E}.Release|x64.ActiveCfg = Release|Any CPU
		{B4EA567D-8F46-4C83-A02F-9271289E956E}.Release|x64.Build.0 = Release|Any CPU
		{B4EA567D-8F46-4C83-A02F-9271289E956E}.Release|x86.ActiveCfg = Release|Any CPU
		{B4EA567D-8F46-4C83-A02F-9271289E956E}.Release|x86.Build.0 = Release|Any CPU
	EndGlobalSection
EndGlobal
