
Microsoft Visual Studio Solution File, Format Version 12.00
# Visual Studio Version 16
VisualStudioVersion = 16.6.30114.105
MinimumVisualStudioVersion = 10.0.40219.1
Project("{2150E333-8FDC-42A3-9474-1A3956D46DE8}") = "Lab1", "Lab1", "{439575C2-85ED-46A4-98A6-1884D0CD1A7A}"
EndProject
Project("{FAE04EC0-301F-11D3-BF4B-00C04F79EFBC}") = "SimHash", "Lab1\SimHash\SimHash.csproj", "{7DB33605-3F2B-4779-8073-547D464F701F}"
EndProject
Project("{FAE04EC0-301F-11D3-BF4B-00C04F79EFBC}") = "SimHash.Test", "Lab1\SimHash.Test\SimHash.Test.csproj", "{D7215D49-00F8-49F9-A025-2A0A06E5A896}"
EndProject
Project("{FAE04EC0-301F-11D3-BF4B-00C04F79EFBC}") = "LSH", "Lab1\LSH\LSH.csproj", "{A01DCFF4-E6B8-407B-B60B-B03F179AB4BC}"
EndProject
Project("{2150E333-8FDC-42A3-9474-1A3956D46DE8}") = "Lab2", "Lab2", "{866D3673-45E9-4DCB-AFFA-A6D787FFF0BA}"
EndProject
Project("{FAE04EC0-301F-11D3-BF4B-00C04F79EFBC}") = "PCY", "Lab2\PCY\PCY.csproj", "{C2892845-5671-4E7D-9A04-EFC23035EC8F}"
EndProject
Project("{2150E333-8FDC-42A3-9474-1A3956D46DE8}") = "Lab3", "Lab3", "{EE0147E7-E668-465C-9E79-526917D1FD29}"
EndProject
Project("{FAE04EC0-301F-11D3-BF4B-00C04F79EFBC}") = "CF", "Lab3\CF\CF.csproj", "{C0B73C35-1ED6-4E86-AE53-4EF6B5D96325}"
EndProject
Project("{FAE04EC0-301F-11D3-BF4B-00C04F79EFBC}") = "PCC", "PCC\PCC.csproj", "{52D0061D-AE32-4FE1-927B-D54BE7EAFFF5}"
EndProject
Global
	GlobalSection(SolutionConfigurationPlatforms) = preSolution
		Debug|Any CPU = Debug|Any CPU
		Debug|x64 = Debug|x64
		Debug|x86 = Debug|x86
		Release|Any CPU = Release|Any CPU
		Release|x64 = Release|x64
		Release|x86 = Release|x86
	EndGlobalSection
	GlobalSection(SolutionProperties) = preSolution
		HideSolutionNode = FALSE
	EndGlobalSection
	GlobalSection(ProjectConfigurationPlatforms) = postSolution
		{7DB33605-3F2B-4779-8073-547D464F701F}.Debug|Any CPU.ActiveCfg = Debug|Any CPU
		{7DB33605-3F2B-4779-8073-547D464F701F}.Debug|Any CPU.Build.0 = Debug|Any CPU
		{7DB33605-3F2B-4779-8073-547D464F701F}.Debug|x64.ActiveCfg = Debug|Any CPU
		{7DB33605-3F2B-4779-8073-547D464F701F}.Debug|x64.Build.0 = Debug|Any CPU
		{7DB33605-3F2B-4779-8073-547D464F701F}.Debug|x86.ActiveCfg = Debug|Any CPU
		{7DB33605-3F2B-4779-8073-547D464F701F}.Debug|x86.Build.0 = Debug|Any CPU
		{7DB33605-3F2B-4779-8073-547D464F701F}.Release|Any CPU.ActiveCfg = Release|Any CPU
		{7DB33605-3F2B-4779-8073-547D464F701F}.Release|Any CPU.Build.0 = Release|Any CPU
		{7DB33605-3F2B-4779-8073-547D464F701F}.Release|x64.ActiveCfg = Release|Any CPU
		{7DB33605-3F2B-4779-8073-547D464F701F}.Release|x64.Build.0 = Release|Any CPU
		{7DB33605-3F2B-4779-8073-547D464F701F}.Release|x86.ActiveCfg = Release|Any CPU
		{7DB33605-3F2B-4779-8073-547D464F701F}.Release|x86.Build.0 = Release|Any CPU
		{D7215D49-00F8-49F9-A025-2A0A06E5A896}.Debug|Any CPU.ActiveCfg = Debug|Any CPU
		{D7215D49-00F8-49F9-A025-2A0A06E5A896}.Debug|Any CPU.Build.0 = Debug|Any CPU
		{D7215D49-00F8-49F9-A025-2A0A06E5A896}.Debug|x64.ActiveCfg = Debug|Any CPU
		{D7215D49-00F8-49F9-A025-2A0A06E5A896}.Debug|x64.Build.0 = Debug|Any CPU
		{D7215D49-00F8-49F9-A025-2A0A06E5A896}.Debug|x86.ActiveCfg = Debug|Any CPU
		{D7215D49-00F8-49F9-A025-2A0A06E5A896}.Debug|x86.Build.0 = Debug|Any CPU
		{D7215D49-00F8-49F9-A025-2A0A06E5A896}.Release|Any CPU.ActiveCfg = Release|Any CPU
		{D7215D49-00F8-49F9-A025-2A0A06E5A896}.Release|Any CPU.Build.0 = Release|Any CPU
		{D7215D49-00F8-49F9-A025-2A0A06E5A896}.Release|x64.ActiveCfg = Release|Any CPU
		{D7215D49-00F8-49F9-A025-2A0A06E5A896}.Release|x64.Build.0 = Release|Any CPU
		{D7215D49-00F8-49F9-A025-2A0A06E5A896}.Release|x86.ActiveCfg = Release|Any CPU
		{D7215D49-00F8-49F9-A025-2A0A06E5A896}.Release|x86.Build.0 = Release|Any CPU
		{A01DCFF4-E6B8-407B-B60B-B03F179AB4BC}.Debug|Any CPU.ActiveCfg = Debug|Any CPU
		{A01DCFF4-E6B8-407B-B60B-B03F179AB4BC}.Debug|Any CPU.Build.0 = Debug|Any CPU
		{A01DCFF4-E6B8-407B-B60B-B03F179AB4BC}.Debug|x64.ActiveCfg = Debug|Any CPU
		{A01DCFF4-E6B8-407B-B60B-B03F179AB4BC}.Debug|x64.Build.0 = Debug|Any CPU
		{A01DCFF4-E6B8-407B-B60B-B03F179AB4BC}.Debug|x86.ActiveCfg = Debug|Any CPU
		{A01DCFF4-E6B8-407B-B60B-B03F179AB4BC}.Debug|x86.Build.0 = Debug|Any CPU
		{A01DCFF4-E6B8-407B-B60B-B03F179AB4BC}.Release|Any CPU.ActiveCfg = Release|Any CPU
		{A01DCFF4-E6B8-407B-B60B-B03F179AB4BC}.Release|Any CPU.Build.0 = Release|Any CPU
		{A01DCFF4-E6B8-407B-B60B-B03F179AB4BC}.Release|x64.ActiveCfg = Release|Any CPU
		{A01DCFF4-E6B8-407B-B60B-B03F179AB4BC}.Release|x64.Build.0 = Release|Any CPU
		{A01DCFF4-E6B8-407B-B60B-B03F179AB4BC}.Release|x86.ActiveCfg = Release|Any CPU
		{A01DCFF4-E6B8-407B-B60B-B03F179AB4BC}.Release|x86.Build.0 = Release|Any CPU
		{C2892845-5671-4E7D-9A04-EFC23035EC8F}.Debug|Any CPU.ActiveCfg = Debug|Any CPU
		{C2892845-5671-4E7D-9A04-EFC23035EC8F}.Debug|Any CPU.Build.0 = Debug|Any CPU
		{C2892845-5671-4E7D-9A04-EFC23035EC8F}.Debug|x64.ActiveCfg = Debug|Any CPU
		{C2892845-5671-4E7D-9A04-EFC23035EC8F}.Debug|x64.Build.0 = Debug|Any CPU
		{C2892845-5671-4E7D-9A04-EFC23035EC8F}.Debug|x86.ActiveCfg = Debug|Any CPU
		{C2892845-5671-4E7D-9A04-EFC23035EC8F}.Debug|x86.Build.0 = Debug|Any CPU
		{C2892845-5671-4E7D-9A04-EFC23035EC8F}.Release|Any CPU.ActiveCfg = Release|Any CPU
		{C2892845-5671-4E7D-9A04-EFC23035EC8F}.Release|Any CPU.Build.0 = Release|Any CPU
		{C2892845-5671-4E7D-9A04-EFC23035EC8F}.Release|x64.ActiveCfg = Release|Any CPU
		{C2892845-5671-4E7D-9A04-EFC23035EC8F}.Release|x64.Build.0 = Release|Any CPU
		{C2892845-5671-4E7D-9A04-EFC23035EC8F}.Release|x86.ActiveCfg = Release|Any CPU
		{C2892845-5671-4E7D-9A04-EFC23035EC8F}.Release|x86.Build.0 = Release|Any CPU
		{C0B73C35-1ED6-4E86-AE53-4EF6B5D96325}.Debug|Any CPU.ActiveCfg = Debug|Any CPU
		{C0B73C35-1ED6-4E86-AE53-4EF6B5D96325}.Debug|Any CPU.Build.0 = Debug|Any CPU
		{C0B73C35-1ED6-4E86-AE53-4EF6B5D96325}.Debug|x64.ActiveCfg = Debug|Any CPU
		{C0B73C35-1ED6-4E86-AE53-4EF6B5D96325}.Debug|x64.Build.0 = Debug|Any CPU
		{C0B73C35-1ED6-4E86-AE53-4EF6B5D96325}.Debug|x86.ActiveCfg = Debug|Any CPU
		{C0B73C35-1ED6-4E86-AE53-4EF6B5D96325}.Debug|x86.Build.0 = Debug|Any CPU
		{C0B73C35-1ED6-4E86-AE53-4EF6B5D96325}.Release|Any CPU.ActiveCfg = Release|Any CPU
		{C0B73C35-1ED6-4E86-AE53-4EF6B5D96325}.Release|Any CPU.Build.0 = Release|Any CPU
		{C0B73C35-1ED6-4E86-AE53-4EF6B5D96325}.Release|x64.ActiveCfg = Release|Any CPU
		{C0B73C35-1ED6-4E86-AE53-4EF6B5D96325}.Release|x64.Build.0 = Release|Any CPU
		{C0B73C35-1ED6-4E86-AE53-4EF6B5D96325}.Release|x86.ActiveCfg = Release|Any CPU
		{C0B73C35-1ED6-4E86-AE53-4EF6B5D96325}.Release|x86.Build.0 = Release|Any CPU
		{52D0061D-AE32-4FE1-927B-D54BE7EAFFF5}.Debug|Any CPU.ActiveCfg = Debug|Any CPU
		{52D0061D-AE32-4FE1-927B-D54BE7EAFFF5}.Debug|Any CPU.Build.0 = Debug|Any CPU
		{52D0061D-AE32-4FE1-927B-D54BE7EAFFF5}.Debug|x64.ActiveCfg = Debug|Any CPU
		{52D0061D-AE32-4FE1-927B-D54BE7EAFFF5}.Debug|x64.Build.0 = Debug|Any CPU
		{52D0061D-AE32-4FE1-927B-D54BE7EAFFF5}.Debug|x86.ActiveCfg = Debug|Any CPU
		{52D0061D-AE32-4FE1-927B-D54BE7EAFFF5}.Debug|x86.Build.0 = Debug|Any CPU
		{52D0061D-AE32-4FE1-927B-D54BE7EAFFF5}.Release|Any CPU.ActiveCfg = Release|Any CPU
		{52D0061D-AE32-4FE1-927B-D54BE7EAFFF5}.Release|Any CPU.Build.0 = Release|Any CPU
		{52D0061D-AE32-4FE1-927B-D54BE7EAFFF5}.Release|x64.ActiveCfg = Release|Any CPU
		{52D0061D-AE32-4FE1-927B-D54BE7EAFFF5}.Release|x64.Build.0 = Release|Any CPU
		{52D0061D-AE32-4FE1-927B-D54BE7EAFFF5}.Release|x86.ActiveCfg = Release|Any CPU
		{52D0061D-AE32-4FE1-927B-D54BE7EAFFF5}.Release|x86.Build.0 = Release|Any CPU
	EndGlobalSection
	GlobalSection(NestedProjects) = preSolution
		{7DB33605-3F2B-4779-8073-547D464F701F} = {439575C2-85ED-46A4-98A6-1884D0CD1A7A}
		{D7215D49-00F8-49F9-A025-2A0A06E5A896} = {439575C2-85ED-46A4-98A6-1884D0CD1A7A}
		{A01DCFF4-E6B8-407B-B60B-B03F179AB4BC} = {439575C2-85ED-46A4-98A6-1884D0CD1A7A}
		{C2892845-5671-4E7D-9A04-EFC23035EC8F} = {866D3673-45E9-4DCB-AFFA-A6D787FFF0BA}
		{C0B73C35-1ED6-4E86-AE53-4EF6B5D96325} = {EE0147E7-E668-465C-9E79-526917D1FD29}
	EndGlobalSection
EndGlobal
